<?xml version="1.0" encoding="utf-8"?>
<Project ToolsVersion="4.0" xmlns="http://schemas.microsoft.com/developer/msbuild/2003">
  <ItemGroup>
    <Filter Include="Assets">
      <UniqueIdentifier>{aa2dff80-cc46-4aaa-9c9e-7784c2a0cdf0}</UniqueIdentifier>
    </Filter>
    <Filter Include="Assets\modelData">
      <UniqueIdentifier>{a27dfd5d-af93-4623-b084-aad00b7739c4}</UniqueIdentifier>
    </Filter>
    <Filter Include="character">
      <UniqueIdentifier>{c57b7107-f9f3-4b72-8f3e-8644593ed533}</UniqueIdentifier>
    </Filter>
    <Filter Include="graphics">
      <UniqueIdentifier>{b7a9a0ab-a792-43fe-a5a7-760b8c976aca}</UniqueIdentifier>
    </Filter>
    <Filter Include="graphics\animation">
      <UniqueIdentifier>{d83ac002-5cd8-4ff4-977a-e7b5ebce5263}</UniqueIdentifier>
    </Filter>
    <Filter Include="level">
      <UniqueIdentifier>{73eacaf4-a5db-4539-ab55-83b9c5d4807c}</UniqueIdentifier>
    </Filter>
    <Filter Include="HID">
      <UniqueIdentifier>{bbdeed04-d9d3-4ff9-bb44-9d888be6899a}</UniqueIdentifier>
    </Filter>
    <Filter Include="math">
      <UniqueIdentifier>{39e7f303-3dac-4bde-bedf-33a5497f262e}</UniqueIdentifier>
    </Filter>
    <Filter Include="physics">
      <UniqueIdentifier>{1eed4cab-11aa-4e90-960a-a01360c5a392}</UniqueIdentifier>
    </Filter>
    <Filter Include="system">
      <UniqueIdentifier>{48b58c60-bbe2-40d8-9d2f-e81d065b6820}</UniqueIdentifier>
    </Filter>
    <Filter Include="sprite">
      <UniqueIdentifier>{2f287d16-81b2-4dc9-84b1-dd1bb418866f}</UniqueIdentifier>
    </Filter>
    <Filter Include="Assets\sprite">
      <UniqueIdentifier>{4183fcfb-9ca7-424c-8ec4-fff77c7af12c}</UniqueIdentifier>
    </Filter>
    <Filter Include="graphics\2D">
      <UniqueIdentifier>{90c1d4ed-fcad-4386-93cc-f4eeb193127f}</UniqueIdentifier>
    </Filter>
    <Filter Include="gameobject">
      <UniqueIdentifier>{3d104487-5cfb-4d01-9449-b4db18e2c782}</UniqueIdentifier>
    </Filter>
    <Filter Include="Player">
      <UniqueIdentifier>{dda85d33-ecb3-4a78-a976-244537885439}</UniqueIdentifier>
    </Filter>
    <Filter Include="Camera">
      <UniqueIdentifier>{eada28bd-66d8-41f8-b7ed-23cb66d59f13}</UniqueIdentifier>
    </Filter>
    <Filter Include="manager">
      <UniqueIdentifier>{82c6d5b4-b07e-4d61-9fd7-993362951d8a}</UniqueIdentifier>
    </Filter>
    <Filter Include="gimmick">
      <UniqueIdentifier>{296469b4-326c-402a-8a53-8735d3ad7382}</UniqueIdentifier>
    </Filter>
    <Filter Include="graphics\font">
      <UniqueIdentifier>{2afff652-8f6c-4f80-8d01-35d2f3a35c53}</UniqueIdentifier>
    </Filter>
    <Filter Include="sprite\fade">
      <UniqueIdentifier>{4ea41b5e-cd79-4b6f-943e-9e568262d923}</UniqueIdentifier>
    </Filter>
    <Filter Include="ui">
      <UniqueIdentifier>{bcd1fcb9-9023-4b06-bc07-719c195d1b73}</UniqueIdentifier>
    </Filter>
    <Filter Include="graphics\effect">
      <UniqueIdentifier>{46d61319-d978-4013-a21e-b5e36393fe44}</UniqueIdentifier>
    </Filter>
    <Filter Include="anima">
      <UniqueIdentifier>{f9529674-c482-4ded-9f84-ebd8e2370e10}</UniqueIdentifier>
    </Filter>
    <Filter Include="data">
      <UniqueIdentifier>{93d2c609-dbd2-4cbd-95a1-3a081b3bee9e}</UniqueIdentifier>
    </Filter>
    <Filter Include="Assets\modelData\stage1">
      <UniqueIdentifier>{ef6dce0a-46da-4925-bca6-5a1b29101848}</UniqueIdentifier>
    </Filter>
    <Filter Include="enemy">
      <UniqueIdentifier>{4b3edcb1-cd8e-4412-9f42-0e119efb3832}</UniqueIdentifier>
    </Filter>
    <Filter Include="Assets\modelData\enemy">
      <UniqueIdentifier>{fb74b3b1-4129-4b73-9fae-f5abd7d266c2}</UniqueIdentifier>
    </Filter>
    <Filter Include="Assets\sprite\Item">
      <UniqueIdentifier>{a19a228c-d3a9-4654-896e-88b87dbc1acb}</UniqueIdentifier>
    </Filter>
    <Filter Include="Assets\modelData\enemy_boss">
      <UniqueIdentifier>{66257367-ce0b-4362-9e7d-c4c346aa0f0c}</UniqueIdentifier>
    </Filter>
    <Filter Include="boss">
      <UniqueIdentifier>{a5dc49dc-50a6-43be-9f4b-17c127132472}</UniqueIdentifier>
    </Filter>
    <Filter Include="Assets\sprite\result">
      <UniqueIdentifier>{de983342-c745-4a66-b888-6e41d14024a5}</UniqueIdentifier>
    </Filter>
    <Filter Include="Assets\sprite\title">
      <UniqueIdentifier>{0ff067e1-5001-48cd-a9ba-d6c7ecae9c27}</UniqueIdentifier>
    </Filter>
    <Filter Include="sound">
      <UniqueIdentifier>{e91662ef-364b-4c39-8f80-ac23b8a2dcb5}</UniqueIdentifier>
    </Filter>
    <Filter Include="Assets\sprite\hp">
      <UniqueIdentifier>{607d15d7-c910-4dbd-bc6a-be4c9b3422c2}</UniqueIdentifier>
    </Filter>
  </ItemGroup>
  <ItemGroup>
    <ClCompile Include="math\Vector.cpp">
      <Filter>math</Filter>
    </ClCompile>
    <ClCompile Include="math\kMath.cpp">
      <Filter>math</Filter>
    </ClCompile>
    <ClCompile Include="math\Matrix.cpp">
      <Filter>math</Filter>
    </ClCompile>
    <ClCompile Include="graphics\GraphicsEngine.cpp">
      <Filter>graphics</Filter>
    </ClCompile>
    <ClCompile Include="graphics\SkinModel.cpp">
      <Filter>graphics</Filter>
    </ClCompile>
    <ClCompile Include="graphics\SkinModelDataManager.cpp">
      <Filter>graphics</Filter>
    </ClCompile>
    <ClCompile Include="graphics\Skeleton.cpp">
      <Filter>graphics</Filter>
    </ClCompile>
    <ClCompile Include="graphics\SkinModelEffect.cpp">
      <Filter>graphics</Filter>
    </ClCompile>
    <ClCompile Include="graphics\Shader.cpp">
      <Filter>graphics</Filter>
    </ClCompile>
    <ClCompile Include="graphics\ShaderResources.cpp">
      <Filter>graphics</Filter>
    </ClCompile>
    <ClCompile Include="graphics\animation\Animation.cpp">
      <Filter>graphics\animation</Filter>
    </ClCompile>
    <ClCompile Include="graphics\animation\AnimationClip.cpp">
      <Filter>graphics\animation</Filter>
    </ClCompile>
    <ClCompile Include="graphics\animation\AnimationPlayController.cpp">
      <Filter>graphics\animation</Filter>
    </ClCompile>
    <ClCompile Include="HID\Pad.cpp">
      <Filter>HID</Filter>
    </ClCompile>
    <ClCompile Include="system\system.cpp">
      <Filter>system</Filter>
    </ClCompile>
    <ClCompile Include="graphics\Camera.cpp">
      <Filter>graphics</Filter>
    </ClCompile>
    <ClCompile Include="physics\RigidBody.cpp">
      <Filter>physics</Filter>
    </ClCompile>
    <ClCompile Include="physics\Physics.cpp">
      <Filter>physics</Filter>
    </ClCompile>
    <ClCompile Include="physics\MeshCollider.cpp">
      <Filter>physics</Filter>
    </ClCompile>
    <ClCompile Include="physics\CapsuleCollider.cpp">
      <Filter>physics</Filter>
    </ClCompile>
    <ClCompile Include="physics\PhysicsStaticObject.cpp">
      <Filter>physics</Filter>
    </ClCompile>
    <ClCompile Include="character\CharacterController.cpp">
      <Filter>character</Filter>
    </ClCompile>
    <ClCompile Include="level\Level.cpp">
      <Filter>level</Filter>
    </ClCompile>
    <ClCompile Include="level\MapChip.cpp">
      <Filter>level</Filter>
    </ClCompile>
    <ClCompile Include="main.cpp" />
    <ClCompile Include="stdafx.cpp" />
    <ClCompile Include="Map.cpp" />
    <ClCompile Include="Game.cpp" />
    <ClCompile Include="Player.cpp">
      <Filter>Player</Filter>
    </ClCompile>
    <ClCompile Include="GameCamera.cpp">
      <Filter>Camera</Filter>
    </ClCompile>
    <ClCompile Include="ShadowMap.cpp" />
    <ClCompile Include="RenderTarget.cpp" />
    <ClCompile Include="graphics\camera2D\Camera2D.cpp">
      <Filter>graphics\2D</Filter>
    </ClCompile>
    <ClCompile Include="sprite\SpriteRender.cpp">
      <Filter>sprite</Filter>
    </ClCompile>
    <ClCompile Include="sprite\Sprite.cpp">
      <Filter>sprite</Filter>
    </ClCompile>
    <ClCompile Include="sprite\SpriteStandby.cpp">
      <Filter>sprite</Filter>
    </ClCompile>
    <ClCompile Include="graphics\SkinModelRender.cpp">
      <Filter>graphics</Filter>
    </ClCompile>
    <ClCompile Include="gameObject\GameObjectManager.cpp">
      <Filter>gameobject</Filter>
    </ClCompile>
    <ClCompile Include="gameObject\IGameObject.cpp">
      <Filter>gameobject</Filter>
    </ClCompile>
    <ClCompile Include="sound\WaveFile.cpp">
      <Filter>sound</Filter>
    </ClCompile>
    <ClCompile Include="sound\WaveFileBank.cpp">
      <Filter>sound</Filter>
    </ClCompile>
    <ClCompile Include="sound\SoundEngine.cpp">
      <Filter>sound</Filter>
    </ClCompile>
    <ClCompile Include="sound\SoundSource.cpp">
      <Filter>sound</Filter>
    </ClCompile>
    <ClCompile Include="Gimmick.cpp">
      <Filter>gimmick</Filter>
    </ClCompile>
    <ClCompile Include="Fade.cpp">
      <Filter>sprite\fade</Filter>
    </ClCompile>
    <ClCompile Include="GameUI.cpp">
      <Filter>ui</Filter>
    </ClCompile>
    <ClCompile Include="Anima.cpp">
      <Filter>anima</Filter>
    </ClCompile>
    <ClCompile Include="GameData.cpp">
      <Filter>data</Filter>
    </ClCompile>
    <ClCompile Include="LevelSet.cpp" />
    <ClCompile Include="Font.cpp">
      <Filter>graphics\font</Filter>
    </ClCompile>
    <ClCompile Include="FontRender.cpp">
      <Filter>graphics\font</Filter>
    </ClCompile>
    <ClCompile Include="EffectManager.cpp">
      <Filter>manager</Filter>
    </ClCompile>
    <ClCompile Include="Ghost.cpp">
      <Filter>enemy</Filter>
    </ClCompile>
    <ClCompile Include="SiegePoint.cpp" />
    <ClCompile Include="Result.cpp" />
    <ClCompile Include="Slaim.cpp">
      <Filter>enemy</Filter>
    </ClCompile>
    <ClCompile Include="Bat.cpp">
      <Filter>enemy</Filter>
    </ClCompile>
    <ClCompile Include="Title.cpp" />
    <ClCompile Include="Item.cpp">
      <Filter>ui</Filter>
    </ClCompile>
    <ClCompile Include="Golem.cpp">
      <Filter>boss</Filter>
    </ClCompile>
    <ClCompile Include="EffectEngine.cpp">
      <Filter>graphics\effect</Filter>
    </ClCompile>
    <ClCompile Include="Effect.cpp">
      <Filter>graphics\effect</Filter>
    </ClCompile>
    <ClCompile Include="EffectPlay.cpp">
      <Filter>graphics\effect</Filter>
    </ClCompile>
    <ClCompile Include="TreasureBox.cpp">
      <Filter>gimmick</Filter>
    </ClCompile>
    <ClCompile Include="GameOver.cpp" />
    <ClCompile Include="SoulManager.cpp">
      <Filter>manager</Filter>
    </ClCompile>
    <ClCompile Include="StageSelect.cpp" />
    <ClCompile Include="Engine.cpp" />
  </ItemGroup>
  <ItemGroup>
    <ClInclude Include="math\Vector.h">
      <Filter>math</Filter>
    </ClInclude>
    <ClInclude Include="math\kMath.h">
      <Filter>math</Filter>
    </ClInclude>
    <ClInclude Include="math\Matrix.h">
      <Filter>math</Filter>
    </ClInclude>
    <ClInclude Include="graphics\GraphicsEngine.h">
      <Filter>graphics</Filter>
    </ClInclude>
    <ClInclude Include="graphics\SkinModel.h">
      <Filter>graphics</Filter>
    </ClInclude>
    <ClInclude Include="graphics\SkinModelDataManager.h">
      <Filter>graphics</Filter>
    </ClInclude>
    <ClInclude Include="graphics\Skeleton.h">
      <Filter>graphics</Filter>
    </ClInclude>
    <ClInclude Include="graphics\SkinModelEffect.h">
      <Filter>graphics</Filter>
    </ClInclude>
    <ClInclude Include="graphics\Shader.h">
      <Filter>graphics</Filter>
    </ClInclude>
    <ClInclude Include="graphics\SkinModelShaderConst.h">
      <Filter>graphics</Filter>
    </ClInclude>
    <ClInclude Include="graphics\ShaderResources.h">
      <Filter>graphics</Filter>
    </ClInclude>
    <ClInclude Include="graphics\animation\Animation.h">
      <Filter>graphics\animation</Filter>
    </ClInclude>
    <ClInclude Include="graphics\animation\AnimationClip.h">
      <Filter>graphics\animation</Filter>
    </ClInclude>
    <ClInclude Include="graphics\animation\AnimationPlayController.h">
      <Filter>graphics\animation</Filter>
    </ClInclude>
    <ClInclude Include="HID\Pad.h">
      <Filter>HID</Filter>
    </ClInclude>
    <ClInclude Include="system\system.h">
      <Filter>system</Filter>
    </ClInclude>
    <ClInclude Include="graphics\Camera.h">
      <Filter>graphics</Filter>
    </ClInclude>
    <ClInclude Include="physics\RigidBody.h">
      <Filter>physics</Filter>
    </ClInclude>
    <ClInclude Include="physics\Physics.h">
      <Filter>physics</Filter>
    </ClInclude>
    <ClInclude Include="physics\ICollider.h">
      <Filter>physics</Filter>
    </ClInclude>
    <ClInclude Include="physics\MeshCollider.h">
      <Filter>physics</Filter>
    </ClInclude>
    <ClInclude Include="physics\CapsuleCollider.h">
      <Filter>physics</Filter>
    </ClInclude>
    <ClInclude Include="physics\CollisionAttr.h">
      <Filter>physics</Filter>
    </ClInclude>
    <ClInclude Include="physics\PhysicsStaticObject.h">
      <Filter>physics</Filter>
    </ClInclude>
    <ClInclude Include="character\CharacterController.h">
      <Filter>character</Filter>
    </ClInclude>
    <ClInclude Include="level\Level.h">
      <Filter>level</Filter>
    </ClInclude>
    <ClInclude Include="level\MapChip.h">
      <Filter>level</Filter>
    </ClInclude>
    <ClInclude Include="stdafx.h" />
    <ClInclude Include="Map.h" />
    <ClInclude Include="Game.h" />
    <ClInclude Include="Player.h">
      <Filter>Player</Filter>
    </ClInclude>
    <ClInclude Include="GameCamera.h">
      <Filter>Camera</Filter>
    </ClInclude>
    <ClInclude Include="ShadowMap.h" />
    <ClInclude Include="RenderTarget.h" />
    <ClInclude Include="graphics\camera2D\Camera2D.h">
      <Filter>graphics\2D</Filter>
    </ClInclude>
    <ClInclude Include="sprite\SpriteRender.h">
      <Filter>sprite</Filter>
    </ClInclude>
    <ClInclude Include="sprite\Sprite.h">
      <Filter>sprite</Filter>
    </ClInclude>
    <ClInclude Include="sprite\SpriteStandby.h">
      <Filter>sprite</Filter>
    </ClInclude>
    <ClInclude Include="graphics\SkinModelRender.h">
      <Filter>graphics</Filter>
    </ClInclude>
    <ClInclude Include="gameObject\GameObjectManager.h">
      <Filter>gameobject</Filter>
    </ClInclude>
    <ClInclude Include="gameObject\IGameObject.h">
      <Filter>gameobject</Filter>
    </ClInclude>
    <ClInclude Include="sound\WaveFile.h">
      <Filter>sound</Filter>
    </ClInclude>
    <ClInclude Include="sound\WaveFileBank.h">
      <Filter>sound</Filter>
    </ClInclude>
    <ClInclude Include="sound\SoundSource.h">
      <Filter>sound</Filter>
    </ClInclude>
    <ClInclude Include="sound\SoundEngine.h">
      <Filter>sound</Filter>
    </ClInclude>
    <ClInclude Include="Gimmick.h">
      <Filter>gimmick</Filter>
    </ClInclude>
    <ClInclude Include="Fade.h">
      <Filter>sprite\fade</Filter>
    </ClInclude>
    <ClInclude Include="GameUI.h">
      <Filter>ui</Filter>
    </ClInclude>
    <ClInclude Include="Anima.h">
      <Filter>anima</Filter>
    </ClInclude>
    <ClInclude Include="GameData.h">
      <Filter>data</Filter>
    </ClInclude>
    <ClInclude Include="LevelSet.h" />
    <ClInclude Include="Font.h">
      <Filter>graphics\font</Filter>
    </ClInclude>
    <ClInclude Include="FontRender.h">
      <Filter>graphics\font</Filter>
    </ClInclude>
    <ClInclude Include="EffectManager.h">
      <Filter>manager</Filter>
    </ClInclude>
    <ClInclude Include="Ghost.h">
      <Filter>enemy</Filter>
    </ClInclude>
    <ClInclude Include="SiegePoint.h" />
    <ClInclude Include="Result.h" />
    <ClInclude Include="Slaim.h">
      <Filter>enemy</Filter>
    </ClInclude>
    <ClInclude Include="Bat.h">
      <Filter>enemy</Filter>
    </ClInclude>
    <ClInclude Include="Title.h" />
    <ClInclude Include="Item.h">
      <Filter>ui</Filter>
    </ClInclude>
    <ClInclude Include="resource.h" />
    <ClInclude Include="Golem.h">
      <Filter>boss</Filter>
    </ClInclude>
    <ClInclude Include="EffectEngine.h">
      <Filter>graphics\effect</Filter>
    </ClInclude>
    <ClInclude Include="Effect.h">
      <Filter>graphics\effect</Filter>
    </ClInclude>
    <ClInclude Include="EffectPlay.h">
      <Filter>graphics\effect</Filter>
    </ClInclude>
    <ClInclude Include="TreasureBox.h">
      <Filter>gimmick</Filter>
    </ClInclude>
    <ClInclude Include="GameOver.h" />
    <ClInclude Include="SoulManager.h">
      <Filter>manager</Filter>
    </ClInclude>
    <ClInclude Include="StageSelect.h" />
    <ClInclude Include="Engine.h" />
  </ItemGroup>
  <ItemGroup>
    <MeshContentTask Include="Assets\modelData\Footman_Default.fbx">
      <Filter>Assets\modelData</Filter>
    </MeshContentTask>
    <MeshContentTask Include="Assets\modelData\Anima.FBX">
      <Filter>Assets\modelData</Filter>
    </MeshContentTask>
    <MeshContentTask Include="Assets\modelData\Floor.FBX">
      <Filter>Assets\modelData\stage1</Filter>
    </MeshContentTask>
    <MeshContentTask Include="Assets\modelData\stage1_1.FBX">
      <Filter>Assets\modelData\stage1</Filter>
    </MeshContentTask>
    <MeshContentTask Include="Assets\modelData\stage1_1_2.FBX">
      <Filter>Assets\modelData\stage1</Filter>
    </MeshContentTask>
    <MeshContentTask Include="Assets\modelData\stage1_1_3.FBX">
      <Filter>Assets\modelData\stage1</Filter>
    </MeshContentTask>
    <MeshContentTask Include="Assets\modelData\stage1_boss.FBX">
      <Filter>Assets\modelData\stage1</Filter>
    </MeshContentTask>
    <MeshContentTask Include="Assets\modelData\stage1_start.FBX">
      <Filter>Assets\modelData\stage1</Filter>
    </MeshContentTask>
    <MeshContentTask Include="Assets\modelData\ghosts.fbx">
      <Filter>Assets\modelData\enemy</Filter>
    </MeshContentTask>
    <MeshContentTask Include="Assets\modelData\slaim_dead.fbx">
      <Filter>Assets\modelData\enemy</Filter>
    </MeshContentTask>
    <MeshContentTask Include="Assets\modelData\slaim.fbx">
      <Filter>Assets\modelData\enemy</Filter>
    </MeshContentTask>
    <MeshContentTask Include="Assets\modelData\bat.fbx">
      <Filter>Assets\modelData\enemy</Filter>
    </MeshContentTask>
    <MeshContentTask Include="Assets\modelData\Golem_Boss.fbx">
      <Filter>Assets\modelData\enemy_boss</Filter>
    </MeshContentTask>
    <MeshContentTask Include="Assets\modelData\Treasure_Box.fbx">
      <Filter>Assets\modelData</Filter>
    </MeshContentTask>
    <MeshContentTask Include="Assets\modelData\Box.fbx">
      <Filter>Assets\modelData</Filter>
    </MeshContentTask>
    <MeshContentTask Include="Assets\modelData\tesplay.fbx">
      <Filter>Assets\modelData</Filter>
    </MeshContentTask>
  </ItemGroup>
  <ItemGroup>
    <ImageContentTask Include="Assets\sprite\result\jewelry_01.png">
      <Filter>Assets\sprite\result</Filter>
    </ImageContentTask>
    <ImageContentTask Include="Assets\sprite\result\Result_Backgraund.png">
      <Filter>Assets\sprite\result</Filter>
    </ImageContentTask>
    <ImageContentTask Include="Assets\sprite\result\Result_DotLine.png">
      <Filter>Assets\sprite\result</Filter>
    </ImageContentTask>
    <ImageContentTask Include="Assets\sprite\result\Result_e.png">
      <Filter>Assets\sprite\result</Filter>
    </ImageContentTask>
    <ImageContentTask Include="Assets\sprite\result\Result_Font1.png">
      <Filter>Assets\sprite\result</Filter>
    </ImageContentTask>
    <ImageContentTask Include="Assets\sprite\result\Result_Font2.png">
      <Filter>Assets\sprite\result</Filter>
    </ImageContentTask>
    <ImageContentTask Include="Assets\sprite\result\Result_Font3.png">
      <Filter>Assets\sprite\result</Filter>
    </ImageContentTask>
    <ImageContentTask Include="Assets\sprite\result\Result_Frame.png">
      <Filter>Assets\sprite\result</Filter>
    </ImageContentTask>
    <ImageContentTask Include="Assets\sprite\result\Result_Frame2.png">
      <Filter>Assets\sprite\result</Filter>
    </ImageContentTask>
    <ImageContentTask Include="Assets\sprite\result\Result_ItemFrame.png">
      <Filter>Assets\sprite\result</Filter>
    </ImageContentTask>
    <ImageContentTask Include="Assets\sprite\result\Result_l.png">
      <Filter>Assets\sprite\result</Filter>
    </ImageContentTask>
    <ImageContentTask Include="Assets\sprite\result\Result_R.png">
      <Filter>Assets\sprite\result</Filter>
    </ImageContentTask>
    <ImageContentTask Include="Assets\sprite\result\Result_s.png">
      <Filter>Assets\sprite\result</Filter>
    </ImageContentTask>
    <ImageContentTask Include="Assets\sprite\result\Result_Soulframe.png">
      <Filter>Assets\sprite\result</Filter>
    </ImageContentTask>
    <ImageContentTask Include="Assets\sprite\result\Result_t.png">
      <Filter>Assets\sprite\result</Filter>
    </ImageContentTask>
    <ImageContentTask Include="Assets\sprite\result\Result_Triangle.png">
      <Filter>Assets\sprite\result</Filter>
    </ImageContentTask>
    <ImageContentTask Include="Assets\sprite\result\Result_u.png">
      <Filter>Assets\sprite\result</Filter>
    </ImageContentTask>
    <ImageContentTask Include="Assets\sprite\soul.png">
      <Filter>Assets\sprite\result</Filter>
    </ImageContentTask>
    <ImageContentTask Include="Assets\sprite\title\title.png">
      <Filter>Assets\sprite\title</Filter>
    </ImageContentTask>
    <ImageContentTask Include="Assets\sprite\Item\2.png">
      <Filter>Assets\sprite\Item</Filter>
    </ImageContentTask>
    <ImageContentTask Include="Assets\sprite\Item\case1.png">
      <Filter>Assets\sprite\Item</Filter>
    </ImageContentTask>
    <ImageContentTask Include="Assets\sprite\Item\case2.png">
      <Filter>Assets\sprite\Item</Filter>
    </ImageContentTask>
    <ImageContentTask Include="Assets\sprite\Item\case3.png">
      <Filter>Assets\sprite\Item</Filter>
    </ImageContentTask>
    <ImageContentTask Include="Assets\sprite\Item\case4.png">
      <Filter>Assets\sprite\Item</Filter>
    </ImageContentTask>
    <ImageContentTask Include="Assets\sprite\Item\hasi.png">
      <Filter>Assets\sprite\Item</Filter>
    </ImageContentTask>
    <ImageContentTask Include="Assets\sprite\Item\1.png">
      <Filter>Assets\sprite\Item</Filter>
    </ImageContentTask>
    <ImageContentTask Include="Assets\sprite\Item\L.png">
      <Filter>Assets\sprite\Item</Filter>
    </ImageContentTask>
    <ImageContentTask Include="Assets\sprite\Item\ZL.png">
      <Filter>Assets\sprite\Item</Filter>
    </ImageContentTask>
    <ImageContentTask Include="Assets\sprite\Item\waku.png">
      <Filter>Assets\sprite\Item</Filter>
    </ImageContentTask>
    <ImageContentTask Include="Assets\sprite\Item\test.png">
      <Filter>Assets\sprite\Item</Filter>
    </ImageContentTask>
    <ImageContentTask Include="Assets\sprite\Item\spe.png">
      <Filter>Assets\sprite\Item</Filter>
    </ImageContentTask>
    <ImageContentTask Include="Assets\sprite\mikyan.jpg">
      <Filter>Assets\sprite</Filter>
    </ImageContentTask>
    <ImageContentTask Include="Assets\sprite\title\light.png">
      <Filter>Assets\sprite\title</Filter>
    </ImageContentTask>
    <ImageContentTask Include="Assets\sprite\title\star_chips.png">
      <Filter>Assets\sprite\title</Filter>
    </ImageContentTask>
    <ImageContentTask Include="Assets\sprite\Hp.png">
      <Filter>Assets\sprite</Filter>
    </ImageContentTask>
    <ImageContentTask Include="Assets\modelData\AO.png">
      <Filter>Assets\modelData</Filter>
    </ImageContentTask>
    <ImageContentTask Include="Assets\modelData\Normal.png">
      <Filter>Assets\modelData</Filter>
    </ImageContentTask>
    <ImageContentTask Include="Assets\modelData\MatallicSmoothness.png">
      <Filter>Assets\modelData</Filter>
    </ImageContentTask>
    <ImageContentTask Include="Assets\sprite\Hp_Half.png">
      <Filter>Assets\sprite</Filter>
    </ImageContentTask>
    <ImageContentTask Include="Assets\sprite\Ui_Soui.png">
      <Filter>Assets\sprite</Filter>
    </ImageContentTask>
    <ImageContentTask Include="Assets\sprite\Ui_SouiFrame.png">
      <Filter>Assets\sprite</Filter>
    </ImageContentTask>
    <ImageContentTask Include="Assets\sprite\gameover.png" />
    <ImageContentTask Include="Assets\sprite\hp\Boss_Hp.png">
      <Filter>Assets\sprite\hp</Filter>
    </ImageContentTask>
    <ImageContentTask Include="Assets\sprite\hp\Boss_Hpframe.png">
      <Filter>Assets\sprite\hp</Filter>
    </ImageContentTask>
  </ItemGroup>
  <ItemGroup>
    <ResourceCompile Include="Game.rc" />
  </ItemGroup>
</Project>