<?xml version="1.0" encoding="utf-8"?>
<Project ToolsVersion="4.0" xmlns="http://schemas.microsoft.com/developer/msbuild/2003">
  <ItemGroup>
    <Filter Include="Assets">
      <UniqueIdentifier>{aa2dff80-cc46-4aaa-9c9e-7784c2a0cdf0}</UniqueIdentifier>
    </Filter>
    <Filter Include="Assets\modelData">
      <UniqueIdentifier>{a27dfd5d-af93-4623-b084-aad00b7739c4}</UniqueIdentifier>
    </Filter>
    <Filter Include="character">
      <UniqueIdentifier>{c57b7107-f9f3-4b72-8f3e-8644593ed533}</UniqueIdentifier>
    </Filter>
    <Filter Include="graphics">
      <UniqueIdentifier>{b7a9a0ab-a792-43fe-a5a7-760b8c976aca}</UniqueIdentifier>
    </Filter>
    <Filter Include="graphics\animation">
      <UniqueIdentifier>{d83ac002-5cd8-4ff4-977a-e7b5ebce5263}</UniqueIdentifier>
    </Filter>
    <Filter Include="level">
      <UniqueIdentifier>{73eacaf4-a5db-4539-ab55-83b9c5d4807c}</UniqueIdentifier>
    </Filter>
    <Filter Include="HID">
      <UniqueIdentifier>{bbdeed04-d9d3-4ff9-bb44-9d888be6899a}</UniqueIdentifier>
    </Filter>
    <Filter Include="math">
      <UniqueIdentifier>{39e7f303-3dac-4bde-bedf-33a5497f262e}</UniqueIdentifier>
    </Filter>
    <Filter Include="physics">
      <UniqueIdentifier>{1eed4cab-11aa-4e90-960a-a01360c5a392}</UniqueIdentifier>
    </Filter>
    <Filter Include="system">
      <UniqueIdentifier>{48b58c60-bbe2-40d8-9d2f-e81d065b6820}</UniqueIdentifier>
    </Filter>
    <Filter Include="light">
      <UniqueIdentifier>{847f080b-cec1-4fc2-8e5f-83a8e4f3fe8a}</UniqueIdentifier>
    </Filter>
    <Filter Include="sprite">
      <UniqueIdentifier>{2f287d16-81b2-4dc9-84b1-dd1bb418866f}</UniqueIdentifier>
    </Filter>
    <Filter Include="Assets\sprite">
      <UniqueIdentifier>{4183fcfb-9ca7-424c-8ec4-fff77c7af12c}</UniqueIdentifier>
    </Filter>
    <Filter Include="graphics\2D">
      <UniqueIdentifier>{90c1d4ed-fcad-4386-93cc-f4eeb193127f}</UniqueIdentifier>
    </Filter>
    <Filter Include="gameobject">
      <UniqueIdentifier>{3d104487-5cfb-4d01-9449-b4db18e2c782}</UniqueIdentifier>
    </Filter>
    <Filter Include="Enemy">
      <UniqueIdentifier>{41395a16-8d77-4e4a-a304-0f88d490b82e}</UniqueIdentifier>
    </Filter>
    <Filter Include="Player">
      <UniqueIdentifier>{dda85d33-ecb3-4a78-a976-244537885439}</UniqueIdentifier>
    </Filter>
    <Filter Include="Camera">
      <UniqueIdentifier>{eada28bd-66d8-41f8-b7ed-23cb66d59f13}</UniqueIdentifier>
    </Filter>
    <Filter Include="sound">
      <UniqueIdentifier>{e91662ef-364b-4c39-8f80-ac23b8a2dcb5}</UniqueIdentifier>
    </Filter>
    <Filter Include="item">
      <UniqueIdentifier>{75eba650-fc6f-4b9d-aa05-98ef00eea70a}</UniqueIdentifier>
    </Filter>
    <Filter Include="manager">
      <UniqueIdentifier>{82c6d5b4-b07e-4d61-9fd7-993362951d8a}</UniqueIdentifier>
    </Filter>
    <Filter Include="gimmick">
      <UniqueIdentifier>{296469b4-326c-402a-8a53-8735d3ad7382}</UniqueIdentifier>
    </Filter>
    <Filter Include="graphics\font">
      <UniqueIdentifier>{2afff652-8f6c-4f80-8d01-35d2f3a35c53}</UniqueIdentifier>
    </Filter>
    <Filter Include="sprite\fade">
      <UniqueIdentifier>{4ea41b5e-cd79-4b6f-943e-9e568262d923}</UniqueIdentifier>
    </Filter>
    <Filter Include="ui">
      <UniqueIdentifier>{bcd1fcb9-9023-4b06-bc07-719c195d1b73}</UniqueIdentifier>
    </Filter>
    <Filter Include="Assets\sprite\Item">
      <UniqueIdentifier>{76b5f704-9abb-43b0-9d34-8021151d97d3}</UniqueIdentifier>
    </Filter>
    <Filter Include="graphics\effect">
      <UniqueIdentifier>{46d61319-d978-4013-a21e-b5e36393fe44}</UniqueIdentifier>
    </Filter>
  </ItemGroup>
  <ItemGroup>
    <ClCompile Include="math\Vector.cpp">
      <Filter>math</Filter>
    </ClCompile>
    <ClCompile Include="math\kMath.cpp">
      <Filter>math</Filter>
    </ClCompile>
    <ClCompile Include="math\Matrix.cpp">
      <Filter>math</Filter>
    </ClCompile>
    <ClCompile Include="graphics\GraphicsEngine.cpp">
      <Filter>graphics</Filter>
    </ClCompile>
    <ClCompile Include="graphics\SkinModel.cpp">
      <Filter>graphics</Filter>
    </ClCompile>
    <ClCompile Include="graphics\SkinModelDataManager.cpp">
      <Filter>graphics</Filter>
    </ClCompile>
    <ClCompile Include="graphics\Skeleton.cpp">
      <Filter>graphics</Filter>
    </ClCompile>
    <ClCompile Include="graphics\SkinModelEffect.cpp">
      <Filter>graphics</Filter>
    </ClCompile>
    <ClCompile Include="graphics\Shader.cpp">
      <Filter>graphics</Filter>
    </ClCompile>
    <ClCompile Include="graphics\ShaderResources.cpp">
      <Filter>graphics</Filter>
    </ClCompile>
    <ClCompile Include="graphics\animation\Animation.cpp">
      <Filter>graphics\animation</Filter>
    </ClCompile>
    <ClCompile Include="graphics\animation\AnimationClip.cpp">
      <Filter>graphics\animation</Filter>
    </ClCompile>
    <ClCompile Include="graphics\animation\AnimationPlayController.cpp">
      <Filter>graphics\animation</Filter>
    </ClCompile>
    <ClCompile Include="HID\Pad.cpp">
      <Filter>HID</Filter>
    </ClCompile>
    <ClCompile Include="system\system.cpp">
      <Filter>system</Filter>
    </ClCompile>
    <ClCompile Include="graphics\Camera.cpp">
      <Filter>graphics</Filter>
    </ClCompile>
    <ClCompile Include="physics\RigidBody.cpp">
      <Filter>physics</Filter>
    </ClCompile>
    <ClCompile Include="physics\Physics.cpp">
      <Filter>physics</Filter>
    </ClCompile>
    <ClCompile Include="physics\MeshCollider.cpp">
      <Filter>physics</Filter>
    </ClCompile>
    <ClCompile Include="physics\CapsuleCollider.cpp">
      <Filter>physics</Filter>
    </ClCompile>
    <ClCompile Include="physics\PhysicsStaticObject.cpp">
      <Filter>physics</Filter>
    </ClCompile>
    <ClCompile Include="character\CharacterController.cpp">
      <Filter>character</Filter>
    </ClCompile>
    <ClCompile Include="level\Level.cpp">
      <Filter>level</Filter>
    </ClCompile>
    <ClCompile Include="level\MapChip.cpp">
      <Filter>level</Filter>
    </ClCompile>
    <ClCompile Include="main.cpp" />
    <ClCompile Include="stdafx.cpp" />
    <ClCompile Include="Map.cpp" />
    <ClCompile Include="Game.cpp" />
    <ClCompile Include="Title.cpp" />
    <ClCompile Include="Player.cpp">
      <Filter>Player</Filter>
    </ClCompile>
    <ClCompile Include="GameCamera.cpp">
      <Filter>Camera</Filter>
    </ClCompile>
    <ClCompile Include="ShadowMap.cpp" />
    <ClCompile Include="RenderTarget.cpp" />
    <ClCompile Include="graphics\camera2D\Camera2D.cpp">
      <Filter>graphics\2D</Filter>
    </ClCompile>
    <ClCompile Include="sprite\SpriteRender.cpp">
      <Filter>sprite</Filter>
    </ClCompile>
    <ClCompile Include="sprite\Sprite.cpp">
      <Filter>sprite</Filter>
    </ClCompile>
    <ClCompile Include="sprite\SpriteStandby.cpp">
      <Filter>sprite</Filter>
    </ClCompile>
    <ClCompile Include="graphics\SkinModelRender.cpp">
      <Filter>graphics</Filter>
    </ClCompile>
    <ClCompile Include="enemy\Enemy.cpp">
      <Filter>Enemy</Filter>
    </ClCompile>
    <ClCompile Include="gameObject\GameObjectManager.cpp">
      <Filter>gameobject</Filter>
    </ClCompile>
    <ClCompile Include="gameObject\IGameObject.cpp">
      <Filter>gameobject</Filter>
    </ClCompile>
    <ClCompile Include="sound\WaveFile.cpp">
      <Filter>sound</Filter>
    </ClCompile>
    <ClCompile Include="sound\WaveFileBank.cpp">
      <Filter>sound</Filter>
    </ClCompile>
    <ClCompile Include="sound\SoundEngine.cpp">
      <Filter>sound</Filter>
    </ClCompile>
    <ClCompile Include="sound\SoundSource.cpp">
      <Filter>sound</Filter>
    </ClCompile>
    <ClCompile Include="Item.cpp">
      <Filter>item</Filter>
    </ClCompile>
    <ClCompile Include="ItemManeger.cpp">
      <Filter>manager</Filter>
    </ClCompile>
    <ClCompile Include="enemy\EnemyManeger.cpp">
      <Filter>manager</Filter>
    </ClCompile>
    <ClCompile Include="Gimmick.cpp">
      <Filter>gimmick</Filter>
    </ClCompile>
    <ClCompile Include="Fade.cpp">
      <Filter>sprite\fade</Filter>
    </ClCompile>
    <ClCompile Include="Font.cpp">
      <Filter>graphics\font</Filter>
    </ClCompile>
    <ClCompile Include="GameData.cpp" />
    <ClCompile Include="GameUI.cpp">
      <Filter>ui</Filter>
    </ClCompile>
    <ClCompile Include="Effect.cpp">
      <Filter>graphics\effect</Filter>
    </ClCompile>
    <ClCompile Include="Anima.cpp" />
    <ClCompile Include="AnimaManeger.cpp">
      <Filter>manager</Filter>
    </ClCompile>
  </ItemGroup>
  <ItemGroup>
    <ClInclude Include="math\Vector.h">
      <Filter>math</Filter>
    </ClInclude>
    <ClInclude Include="math\kMath.h">
      <Filter>math</Filter>
    </ClInclude>
    <ClInclude Include="math\Matrix.h">
      <Filter>math</Filter>
    </ClInclude>
    <ClInclude Include="graphics\GraphicsEngine.h">
      <Filter>graphics</Filter>
    </ClInclude>
    <ClInclude Include="graphics\SkinModel.h">
      <Filter>graphics</Filter>
    </ClInclude>
    <ClInclude Include="graphics\SkinModelDataManager.h">
      <Filter>graphics</Filter>
    </ClInclude>
    <ClInclude Include="graphics\Skeleton.h">
      <Filter>graphics</Filter>
    </ClInclude>
    <ClInclude Include="graphics\SkinModelEffect.h">
      <Filter>graphics</Filter>
    </ClInclude>
    <ClInclude Include="graphics\Shader.h">
      <Filter>graphics</Filter>
    </ClInclude>
    <ClInclude Include="graphics\SkinModelShaderConst.h">
      <Filter>graphics</Filter>
    </ClInclude>
    <ClInclude Include="graphics\ShaderResources.h">
      <Filter>graphics</Filter>
    </ClInclude>
    <ClInclude Include="graphics\animation\Animation.h">
      <Filter>graphics\animation</Filter>
    </ClInclude>
    <ClInclude Include="graphics\animation\AnimationClip.h">
      <Filter>graphics\animation</Filter>
    </ClInclude>
    <ClInclude Include="graphics\animation\AnimationPlayController.h">
      <Filter>graphics\animation</Filter>
    </ClInclude>
    <ClInclude Include="HID\Pad.h">
      <Filter>HID</Filter>
    </ClInclude>
    <ClInclude Include="system\system.h">
      <Filter>system</Filter>
    </ClInclude>
    <ClInclude Include="graphics\Camera.h">
      <Filter>graphics</Filter>
    </ClInclude>
    <ClInclude Include="physics\RigidBody.h">
      <Filter>physics</Filter>
    </ClInclude>
    <ClInclude Include="physics\Physics.h">
      <Filter>physics</Filter>
    </ClInclude>
    <ClInclude Include="physics\ICollider.h">
      <Filter>physics</Filter>
    </ClInclude>
    <ClInclude Include="physics\MeshCollider.h">
      <Filter>physics</Filter>
    </ClInclude>
    <ClInclude Include="physics\CapsuleCollider.h">
      <Filter>physics</Filter>
    </ClInclude>
    <ClInclude Include="physics\CollisionAttr.h">
      <Filter>physics</Filter>
    </ClInclude>
    <ClInclude Include="physics\PhysicsStaticObject.h">
      <Filter>physics</Filter>
    </ClInclude>
    <ClInclude Include="character\CharacterController.h">
      <Filter>character</Filter>
    </ClInclude>
    <ClInclude Include="level\Level.h">
      <Filter>level</Filter>
    </ClInclude>
    <ClInclude Include="level\MapChip.h">
      <Filter>level</Filter>
    </ClInclude>
    <ClInclude Include="stdafx.h" />
    <ClInclude Include="Map.h" />
    <ClInclude Include="Game.h" />
    <ClInclude Include="Title.h" />
    <ClInclude Include="Player.h">
      <Filter>Player</Filter>
    </ClInclude>
    <ClInclude Include="GameCamera.h">
      <Filter>Camera</Filter>
    </ClInclude>
    <ClInclude Include="ShadowMap.h" />
    <ClInclude Include="RenderTarget.h" />
    <ClInclude Include="graphics\camera2D\Camera2D.h">
      <Filter>graphics\2D</Filter>
    </ClInclude>
    <ClInclude Include="sprite\SpriteRender.h">
      <Filter>sprite</Filter>
    </ClInclude>
    <ClInclude Include="sprite\Sprite.h">
      <Filter>sprite</Filter>
    </ClInclude>
    <ClInclude Include="sprite\SpriteStandby.h">
      <Filter>sprite</Filter>
    </ClInclude>
    <ClInclude Include="graphics\SkinModelRender.h">
      <Filter>graphics</Filter>
    </ClInclude>
    <ClInclude Include="enemy\Enemy.h">
      <Filter>Enemy</Filter>
    </ClInclude>
    <ClInclude Include="gameObject\GameObjectManager.h">
      <Filter>gameobject</Filter>
    </ClInclude>
    <ClInclude Include="gameObject\IGameObject.h">
      <Filter>gameobject</Filter>
    </ClInclude>
    <ClInclude Include="sound\WaveFile.h">
      <Filter>sound</Filter>
    </ClInclude>
    <ClInclude Include="sound\WaveFileBank.h">
      <Filter>sound</Filter>
    </ClInclude>
    <ClInclude Include="sound\SoundSource.h">
      <Filter>sound</Filter>
    </ClInclude>
    <ClInclude Include="sound\SoundEngine.h">
      <Filter>sound</Filter>
    </ClInclude>
    <ClInclude Include="Item.h">
      <Filter>item</Filter>
    </ClInclude>
    <ClInclude Include="ItemManeger.h">
      <Filter>manager</Filter>
    </ClInclude>
    <ClInclude Include="enemy\EnemyManeger.h">
      <Filter>manager</Filter>
    </ClInclude>
    <ClInclude Include="Gimmick.h">
      <Filter>gimmick</Filter>
    </ClInclude>
    <ClInclude Include="Fade.h">
      <Filter>sprite\fade</Filter>
    </ClInclude>
    <ClInclude Include="Font.h">
      <Filter>graphics\font</Filter>
    </ClInclude>
    <ClInclude Include="GameData.h" />
    <ClInclude Include="GameUI.h">
      <Filter>ui</Filter>
    </ClInclude>
    <ClInclude Include="Effect.h">
      <Filter>graphics\effect</Filter>
    </ClInclude>
    <ClInclude Include="Anima.h" />
    <ClInclude Include="AnimaManeger.h">
      <Filter>manager</Filter>
    </ClInclude>
  </ItemGroup>
  <ItemGroup>
    <MeshContentTask Include="Assets\modelData\test.FBX">
      <Filter>Assets\modelData</Filter>
    </MeshContentTask>
    <MeshContentTask Include="Assets\modelData\unityChan.fbx">
      <Filter>Assets\modelData</Filter>
    </MeshContentTask>
    <MeshContentTask Include="Assets\modelData\enemy.FBX">
      <Filter>Assets\modelData</Filter>
    </MeshContentTask>
    <MeshContentTask Include="Assets\modelData\pp.fbx">
      <Filter>Assets\modelData</Filter>
    </MeshContentTask>
    <MeshContentTask Include="Assets\modelData\Footman_Default.fbx">
      <Filter>Assets\modelData</Filter>
    </MeshContentTask>
    <MeshContentTask Include="Assets\modelData\Play.fbx">
      <Filter>Assets\modelData</Filter>
    </MeshContentTask>
    <MeshContentTask Include="Assets\modelData\11.FBX">
      <Filter>Assets\modelData</Filter>
    </MeshContentTask>
    <MeshContentTask Include="Assets\modelData\Anima.FBX">
      <Filter>Assets\modelData</Filter>
    </MeshContentTask>
  </ItemGroup>
  <ItemGroup>
    <ImageContentTask Include="Assets\sprite\mikyan.jpg">
      <Filter>Assets\sprite</Filter>
    </ImageContentTask>
    <ImageContentTask Include="Assets\modelData\Normal.png">
      <Filter>Assets\modelData</Filter>
    </ImageContentTask>
    <ImageContentTask Include="Assets\modelData\Specular.png">
      <Filter>Assets\modelData</Filter>
    </ImageContentTask>
    <ImageContentTask Include="Assets\modelData\AO.png">
      <Filter>Assets\modelData</Filter>
    </ImageContentTask>
    <ImageContentTask Include="Assets\sprite\test.png">
      <Filter>Assets\sprite</Filter>
    </ImageContentTask>
    <ImageContentTask Include="Assets\sprite\HPWaku.png">
      <Filter>Assets\sprite</Filter>
    </ImageContentTask>
    <ImageContentTask Include="Assets\sprite\HP.png">
      <Filter>Assets\sprite</Filter>
    </ImageContentTask>
    <ImageContentTask Include="Assets\sprite\ItemSetLog.png">
      <Filter>Assets\sprite</Filter>
    </ImageContentTask>
    <ImageContentTask Include="Assets\sprite\ItemSelect.png" />
    <ImageContentTask Include="Assets\sprite\Item\honoo.png" />
    <ImageContentTask Include="Assets\sprite\Item\kinomi.png" />
    <ImageContentTask Include="Assets\sprite\Item\light.png" />
    <ImageContentTask Include="Assets\sprite\Item\yimestop.png" />
  </ItemGroup>
</Project>